
Microsoft Visual Studio Solution File, Format Version 12.00
# Visual Studio 15
VisualStudioVersion = 15.0.27428.2002
MinimumVisualStudioVersion = 10.0.40219.1
Project("{FAE04EC0-301F-11D3-BF4B-00C04F79EFBC}") = "GradeSystemMike", "WebApplication3\GradeSystemMike.csproj", "{DA67F26C-F11B-4BCC-9F4A-6DC7CEFF4FC9}"
EndProject
Global
	GlobalSection(SolutionConfigurationPlatforms) = preSolution
		Debug|Any CPU = Debug|Any CPU
		Release|Any CPU = Release|Any CPU
	EndGlobalSection
	GlobalSection(ProjectConfigurationPlatforms) = postSolution
		{DA67F26C-F11B-4BCC-9F4A-6DC7CEFF4FC9}.Debug|Any CPU.ActiveCfg = Debug|Any CPU
		{DA67F26C-F11B-4BCC-9F4A-6DC7CEFF4FC9}.Debug|Any CPU.Build.0 = Debug|Any CPU
		{DA67F26C-F11B-4BCC-9F4A-6DC7CEFF4FC9}.Release|Any CPU.ActiveCfg = Release|Any CPU
		{DA67F26C-F11B-4BCC-9F4A-6DC7CEFF4FC9}.Release|Any CPU.Build.0 = Release|Any CPU
	EndGlobalSection
	GlobalSection(SolutionProperties) = preSolution
		HideSolutionNode = FALSE
	EndGlobalSection
	GlobalSection(ExtensibilityGlobals) = postSolution
		SolutionGuid = {EE36095E-7B95-4EA4-9785-A0A9662D9C85}
	EndGlobalSection
EndGlobal
